hash: fcd525ef98d7745f54f12556a8c1c41ae309505034295b1cbd13006ea9ee124f
updated: 2018-06-12T14:28:36.629127+08:00
imports:
- name: github.com/AndreasBriese/bbloom
  version: 28f7e881ca57bc00e028f9ede9f0d9104cfeef5e
- name: github.com/btcsuite/btcd
  version: 47885ab8702485be6b6f87a03d4f3be0bc5c982c
  subpackages:
  - btcec
- name: github.com/davecgh/go-spew
  version: 346938d642f2ec3594ed81d874461961cd0faa76
  subpackages:
  - spew
- name: github.com/dgraph-io/badger
  version: 690400e629977977ecddfa8ab3a7f9285e1041a8
  subpackages:
  - options
  - protos
  - skl
  - table
  - "y"
- name: github.com/dgryski/go-farm
  version: 2de33835d10275975374b37b2dcfd22c9020a1f5
- name: github.com/go-kit/kit
  version: ca4112baa34cb55091301bdc13b1420a122b1b9e
  subpackages:
  - log
  - log/level
  - log/term
- name: github.com/go-logfmt/logfmt
  version: 390ab7935ee28ec6b286364bba9b4dd6410cb3d5
- name: github.com/go-stack/stack
  version: 54be5f394ed2c3e19dac9134a40a95ba5a017f7b
- name: github.com/gogo/protobuf
  version: 1adfc126b41513cc696b209667c8656ea7aac67c
  subpackages:
  - gogoproto
  - jsonpb
  - proto
  - protoc-gen-gogo/descriptor
  - sortkeys
  - types
- name: github.com/golang/protobuf
  version: b4deda0973fb4c70b50d226b1af49f3da59f5265
  subpackages:
  - proto
  - ptypes
  - ptypes/any
  - ptypes/duration
  - ptypes/timestamp
- name: github.com/golang/snappy
  version: 553a641470496b2327abcac10b36396bd98e45c9
- name: github.com/jmhodges/levigo
  version: c42d9e0ca023e2198120196f842701bb4c55d7b9
- name: github.com/kr/logfmt
  version: b84e30acd515aadc4b783ad4ff83aff3299bdfe0
- name: github.com/pkg/errors
  version: 645ef00459ed84a119197bfb8d8205042c6df63d
- name: github.com/syndtr/goleveldb
  version: 8c81ea47d4c41a385645e133e15510fc6a2a74b4
  subpackages:
  - leveldb
  - leveldb/cache
  - leveldb/comparer
  - leveldb/errors
  - leveldb/filter
  - leveldb/iterator
  - leveldb/journal
  - leveldb/memdb
  - leveldb/opt
  - leveldb/storage
  - leveldb/table
  - leveldb/util
- name: github.com/tendermint/abci
  version: ebee2fe114020aa49c70bbbae50b7079fc7e7b90
  subpackages:
  - example/code
  - example/kvstore
  - server
  - types
- name: github.com/tendermint/ed25519
  version: 1f52c6f8b8a5c7908aff4497c186af344b428925
  subpackages:
  - edwards25519
  - extra25519
- name: github.com/tendermint/go-amino
  version: ed62928576cfcaf887209dc96142cd79cdfff389
- name: github.com/tendermint/go-crypto
  version: 710efe576acfcc22ead7781cec67a1265cbba0b0
- name: github.com/tendermint/tendermint
  version: 27bd1deabe4ba6a2d9b463b8f3e3f1e31b993e61
  subpackages:
  - libs/pubsub
  - libs/pubsub/query
  - types
- name: github.com/tendermint/tmlibs
  version: 8bbe43aa333e8637275afdbd9367fcbe1cf99bdf
  subpackages:
  - common
  - db
  - log
  - merkle
  - merkle/tmhash
- name: golang.org/x/crypto
  version: 7f7c0c2d75ebb4e32a21396ce36e87b6dadc91c9
  subpackages:
  - nacl/secretbox
  - openpgp/armor
  - openpgp/errors
  - poly1305
  - ripemd160
  - salsa20/salsa
- name: golang.org/x/net
  version: 02ac38e2528ff4adea90f184d71a3faa04b4b1b0
  subpackages:
  - context
  - http2
  - http2/hpack
  - idna
  - internal/timeseries
  - lex/httplex
  - trace
- name: golang.org/x/sys
  version: cd2c276457edda6df7fb04895d3fd6a6add42926
  subpackages:
  - unix
- name: golang.org/x/text
  version: 836efe42bb4aa16aaa17b9c155d8813d336ed720
  subpackages:
  - secure/bidirule
  - transform
  - unicode/bidi
  - unicode/norm
- name: google.golang.org/genproto
  version: b0a3dcfcd1a9bd48e63634bd8802960804cf8315
  subpackages:
  - googleapis/rpc/status
- name: google.golang.org/grpc
  version: 7a6a684ca69eb4cae85ad0a484f2e531598c047b
  subpackages:
  - balancer
  - balancer/base
  - balancer/roundrobin
  - channelz
  - codes
  - connectivity
  - credentials
  - encoding
  - encoding/proto
  - grpclb/grpc_lb_v1/messages
  - grpclog
  - internal
  - keepalive
  - metadata
  - naming
  - peer
  - resolver
  - resolver/dns
  - resolver/passthrough
  - stats
  - status
  - tap
  - transport
testImports: []
